// !$*UTF8*$!
{
	archiveVersion = 1;
	classes = {
	};
	objectVersion = 46;
	objects = {

/* Begin PBXBuildFile section */
		3416CA1F1B3E1E9C002DA151 /* AppDelegate.swift in Sources */ = {isa = PBXBuildFile; fileRef = 3416CA1E1B3E1E9C002DA151 /* AppDelegate.swift */; };
		3416CA211B3E1E9C002DA151 /* MainViewController.swift in Sources */ = {isa = PBXBuildFile; fileRef = 3416CA201B3E1E9C002DA151 /* MainViewController.swift */; };
		3416CA241B3E1E9C002DA151 /* Main.storyboard in Resources */ = {isa = PBXBuildFile; fileRef = 3416CA221B3E1E9C002DA151 /* Main.storyboard */; };
		3416CA261B3E1E9C002DA151 /* Assets.xcassets in Resources */ = {isa = PBXBuildFile; fileRef = 3416CA251B3E1E9C002DA151 /* Assets.xcassets */; };
		3416CA291B3E1E9D002DA151 /* LaunchScreen.storyboard in Resources */ = {isa = PBXBuildFile; fileRef = 3416CA271B3E1E9D002DA151 /* LaunchScreen.storyboard */; };
		345DB2A61B434BB50005900A /* MainViewController.swift in Sources */ = {isa = PBXBuildFile; fileRef = 3416CA201B3E1E9C002DA151 /* MainViewController.swift */; };
		345DB2A71B434BB50005900A /* AppDelegate.swift in Sources */ = {isa = PBXBuildFile; fileRef = 3416CA1E1B3E1E9C002DA151 /* AppDelegate.swift */; };
		345DB2A81B434BB50005900A /* WebViewWKViewController.swift in Sources */ = {isa = PBXBuildFile; fileRef = 34C80D181B3F888E0093A836 /* WebViewWKViewController.swift */; };
		345DB2A91B434BB50005900A /* WebViewTestViewController.swift in Sources */ = {isa = PBXBuildFile; fileRef = 34C80D161B3F7E060093A836 /* WebViewTestViewController.swift */; };
		345DB2AC1B434BB50005900A /* LaunchScreen.storyboard in Resources */ = {isa = PBXBuildFile; fileRef = 3416CA271B3E1E9D002DA151 /* LaunchScreen.storyboard */; };
		345DB2AD1B434BB50005900A /* Assets.xcassets in Resources */ = {isa = PBXBuildFile; fileRef = 3416CA251B3E1E9C002DA151 /* Assets.xcassets */; };
		345DB2AE1B434BB50005900A /* Main.storyboard in Resources */ = {isa = PBXBuildFile; fileRef = 3416CA221B3E1E9C002DA151 /* Main.storyboard */; };
		34C80D171B3F7E060093A836 /* WebViewTestViewController.swift in Sources */ = {isa = PBXBuildFile; fileRef = 34C80D161B3F7E060093A836 /* WebViewTestViewController.swift */; };
		34C80D191B3F888E0093A836 /* WebViewWKViewController.swift in Sources */ = {isa = PBXBuildFile; fileRef = 34C80D181B3F888E0093A836 /* WebViewWKViewController.swift */; };
/* End PBXBuildFile section */

/* Begin PBXFileReference section */
		3416CA1B1B3E1E9C002DA151 /* OAuth2Test.app */ = {isa = PBXFileReference; explicitFileType = wrapper.application; includeInIndex = 0; path = OAuth2Test.app; sourceTree = BUILT_PRODUCTS_DIR; };
		3416CA1E1B3E1E9C002DA151 /* AppDelegate.swift */ = {isa = PBXFileReference; lastKnownFileType = sourcecode.swift; path = AppDelegate.swift; sourceTree = "<group>"; };
		3416CA201B3E1E9C002DA151 /* MainViewController.swift */ = {isa = PBXFileReference; lastKnownFileType = sourcecode.swift; path = MainViewController.swift; sourceTree = "<group>"; };
		3416CA231B3E1E9C002DA151 /* Base */ = {isa = PBXFileReference; lastKnownFileType = file.storyboard; name = Base; path = Base.lproj/Main.storyboard; sourceTree = "<group>"; };
		3416CA251B3E1E9C002DA151 /* Assets.xcassets */ = {isa = PBXFileReference; lastKnownFileType = folder.assetcatalog; path = Assets.xcassets; sourceTree = "<group>"; };
		3416CA281B3E1E9D002DA151 /* Base */ = {isa = PBXFileReference; lastKnownFileType = file.storyboard; name = Base; path = Base.lproj/LaunchScreen.storyboard; sourceTree = "<group>"; };
		3416CA2A1B3E1E9D002DA151 /* Info.plist */ = {isa = PBXFileReference; lastKnownFileType = text.plist.xml; path = Info.plist; sourceTree = "<group>"; };
		3416CA301B3E2DAD002DA151 /* SigninVC.entitlements */ = {isa = PBXFileReference; lastKnownFileType = text.xml; path = SigninVC.entitlements; sourceTree = "<group>"; };
		345DB2B21B434BB50005900A /* LinkTest.app */ = {isa = PBXFileReference; explicitFileType = wrapper.application; includeInIndex = 0; path = LinkTest.app; sourceTree = BUILT_PRODUCTS_DIR; };
		345DB2B31B434BB50005900A /* SigninVC2-Info.plist */ = {isa = PBXFileReference; lastKnownFileType = text.plist.xml; name = "SigninVC2-Info.plist"; path = "/Users/wdenniss/code/oauth2pw_ios/google3/experimental/users/wdenniss/oauth2pw_ios/SigninVC2-Info.plist"; sourceTree = "<absolute>"; };
		34C80D161B3F7E060093A836 /* WebViewTestViewController.swift */ = {isa = PBXFileReference; fileEncoding = 4; lastKnownFileType = sourcecode.swift; path = WebViewTestViewController.swift; sourceTree = "<group>"; };
		34C80D181B3F888E0093A836 /* WebViewWKViewController.swift */ = {isa = PBXFileReference; fileEncoding = 4; lastKnownFileType = sourcecode.swift; path = WebViewWKViewController.swift; sourceTree = "<group>"; };
/* End PBXFileReference section */

/* Begin PBXFrameworksBuildPhase section */
		3416CA181B3E1E9C002DA151 /* Frameworks */ = {
			isa = PBXFrameworksBuildPhase;
			buildActionMask = 2147483647;
			files = (
			);
			runOnlyForDeploymentPostprocessing = 0;
		};
		345DB2AA1B434BB50005900A /* Frameworks */ = {
			isa = PBXFrameworksBuildPhase;
			buildActionMask = 2147483647;
			files = (
			);
			runOnlyForDeploymentPostprocessing = 0;
		};
/* End PBXFrameworksBuildPhase section */

/* Begin PBXGroup section */
		3416CA121B3E1E9C002DA151 = {
			isa = PBXGroup;
			children = (
				3416CA1D1B3E1E9C002DA151 /* SigninVC */,
				3416CA1C1B3E1E9C002DA151 /* Products */,
				345DB2B31B434BB50005900A /* SigninVC2-Info.plist */,
			);
			sourceTree = "<group>";
		};
		3416CA1C1B3E1E9C002DA151 /* Products */ = {
			isa = PBXGroup;
			children = (
				3416CA1B1B3E1E9C002DA151 /* OAuth2Test.app */,
				345DB2B21B434BB50005900A /* LinkTest.app */,
			);
			name = Products;
			sourceTree = "<group>";
		};
		3416CA1D1B3E1E9C002DA151 /* SigninVC */ = {
			isa = PBXGroup;
			children = (
				3416CA301B3E2DAD002DA151 /* SigninVC.entitlements */,
				3416CA1E1B3E1E9C002DA151 /* AppDelegate.swift */,
				3416CA201B3E1E9C002DA151 /* MainViewController.swift */,
				34C80D161B3F7E060093A836 /* WebViewTestViewController.swift */,
				34C80D181B3F888E0093A836 /* WebViewWKViewController.swift */,
				3416CA221B3E1E9C002DA151 /* Main.storyboard */,
				3416CA251B3E1E9C002DA151 /* Assets.xcassets */,
				3416CA271B3E1E9D002DA151 /* LaunchScreen.storyboard */,
				3416CA2A1B3E1E9D002DA151 /* Info.plist */,
			);
			path = SigninVC;
			sourceTree = "<group>";
		};
/* End PBXGroup section */

/* Begin PBXNativeTarget section */
		3416CA1A1B3E1E9C002DA151 /* OAuth2Test */ = {
			isa = PBXNativeTarget;
			buildConfigurationList = 3416CA2D1B3E1E9D002DA151 /* Build configuration list for PBXNativeTarget "OAuth2Test" */;
			buildPhases = (
				3416CA171B3E1E9C002DA151 /* Sources */,
				3416CA181B3E1E9C002DA151 /* Frameworks */,
				3416CA191B3E1E9C002DA151 /* Resources */,
			);
			buildRules = (
			);
			dependencies = (
			);
			name = OAuth2Test;
			productName = SigninVC;
			productReference = 3416CA1B1B3E1E9C002DA151 /* OAuth2Test.app */;
			productType = "com.apple.product-type.application";
		};
		345DB2A41B434BB50005900A /* LinkTest */ = {
			isa = PBXNativeTarget;
			buildConfigurationList = 345DB2AF1B434BB50005900A /* Build configuration list for PBXNativeTarget "LinkTest" */;
			buildPhases = (
				345DB2A51B434BB50005900A /* Sources */,
				345DB2AA1B434BB50005900A /* Frameworks */,
				345DB2AB1B434BB50005900A /* Resources */,
			);
			buildRules = (
			);
			dependencies = (
			);
			name = LinkTest;
			productName = SigninVC;
			productReference = 345DB2B21B434BB50005900A /* LinkTest.app */;
			productType = "com.apple.product-type.application";
		};
/* End PBXNativeTarget section */

/* Begin PBXProject section */
		3416CA131B3E1E9C002DA151 /* Project object */ = {
			isa = PBXProject;
			attributes = {
				LastUpgradeCheck = 0700;
				ORGANIZATIONNAME = "William Denniss";
				TargetAttributes = {
					3416CA1A1B3E1E9C002DA151 = {
						CreatedOnToolsVersion = 7.0;
						DevelopmentTeam = D4BTUY74LQ;
						LastSwiftMigration = 0800;
						SystemCapabilities = {
							com.apple.SafariKeychain = {
								enabled = 1;
							};
						};
					};
					345DB2A41B434BB50005900A = {
						DevelopmentTeam = D4BTUY74LQ;
					};
				};
			};
			buildConfigurationList = 3416CA161B3E1E9C002DA151 /* Build configuration list for PBXProject "SigninVC" */;
			compatibilityVersion = "Xcode 3.2";
			developmentRegion = English;
			hasScannedForEncodings = 0;
			knownRegions = (
				en,
				Base,
			);
			mainGroup = 3416CA121B3E1E9C002DA151;
			productRefGroup = 3416CA1C1B3E1E9C002DA151 /* Products */;
			projectDirPath = "";
			projectRoot = "";
			targets = (
				3416CA1A1B3E1E9C002DA151 /* OAuth2Test */,
				345DB2A41B434BB50005900A /* LinkTest */,
			);
		};
/* End PBXProject section */

/* Begin PBXResourcesBuildPhase section */
		3416CA191B3E1E9C002DA151 /* Resources */ = {
			isa = PBXResourcesBuildPhase;
			buildActionMask = 2147483647;
			files = (
				3416CA291B3E1E9D002DA151 /* LaunchScreen.storyboard in Resources */,
				3416CA261B3E1E9C002DA151 /* Assets.xcassets in Resources */,
				3416CA241B3E1E9C002DA151 /* Main.storyboard in Resources */,
			);
			runOnlyForDeploymentPostprocessing = 0;
		};
		345DB2AB1B434BB50005900A /* Resources */ = {
			isa = PBXResourcesBuildPhase;
			buildActionMask = 2147483647;
			files = (
				345DB2AC1B434BB50005900A /* LaunchScreen.storyboard in Resources */,
				345DB2AD1B434BB50005900A /* Assets.xcassets in Resources */,
				345DB2AE1B434BB50005900A /* Main.storyboard in Resources */,
			);
			runOnlyForDeploymentPostprocessing = 0;
		};
/* End PBXResourcesBuildPhase section */

/* Begin PBXSourcesBuildPhase section */
		3416CA171B3E1E9C002DA151 /* Sources */ = {
			isa = PBXSourcesBuildPhase;
			buildActionMask = 2147483647;
			files = (
				3416CA211B3E1E9C002DA151 /* MainViewController.swift in Sources */,
				3416CA1F1B3E1E9C002DA151 /* AppDelegate.swift in Sources */,
				34C80D191B3F888E0093A836 /* WebViewWKViewController.swift in Sources */,
				34C80D171B3F7E060093A836 /* WebViewTestViewController.swift in Sources */,
			);
			runOnlyForDeploymentPostprocessing = 0;
		};
		345DB2A51B434BB50005900A /* Sources */ = {
			isa = PBXSourcesBuildPhase;
			buildActionMask = 2147483647;
			files = (
				345DB2A61B434BB50005900A /* MainViewController.swift in Sources */,
				345DB2A71B434BB50005900A /* AppDelegate.swift in Sources */,
				345DB2A81B434BB50005900A /* WebViewWKViewController.swift in Sources */,
				345DB2A91B434BB50005900A /* WebViewTestViewController.swift in Sources */,
			);
			runOnlyForDeploymentPostprocessing = 0;
		};
/* End PBXSourcesBuildPhase section */

/* Begin PBXVariantGroup section */
		3416CA221B3E1E9C002DA151 /* Main.storyboard */ = {
			isa = PBXVariantGroup;
			children = (
				3416CA231B3E1E9C002DA151 /* Base */,
			);
			name = Main.storyboard;
			sourceTree = "<group>";
		};
		3416CA271B3E1E9D002DA151 /* LaunchScreen.storyboard */ = {
			isa = PBXVariantGroup;
			children = (
				3416CA281B3E1E9D002DA151 /* Base */,
			);
			name = LaunchScreen.storyboard;
			sourceTree = "<group>";
		};
/* End PBXVariantGroup section */

/* Begin XCBuildConfiguration section */
		3416CA2B1B3E1E9D002DA151 /* Debug */ = {
			isa = XCBuildConfiguration;
			buildSettings = {
				ALWAYS_SEARCH_USER_PATHS = NO;
				CLANG_CXX_LANGUAGE_STANDARD = "gnu++0x";
				CLANG_CXX_LIBRARY = "libc++";
				CLANG_ENABLE_MODULES = YES;
				CLANG_ENABLE_OBJC_ARC = YES;
				CLANG_WARN_BOOL_CONVERSION = YES;
				CLANG_WARN_CONSTANT_CONVERSION = YES;
				CLANG_WARN_DIRECT_OBJC_ISA_USAGE = YES_ERROR;
				CLANG_WARN_EMPTY_BODY = YES;
				CLANG_WARN_ENUM_CONVERSION = YES;
				CLANG_WARN_INT_CONVERSION = YES;
				CLANG_WARN_OBJC_ROOT_CLASS = YES_ERROR;
				CLANG_WARN_UNREACHABLE_CODE = YES;
				CLANG_WARN__DUPLICATE_METHOD_MATCH = YES;
				"CODE_SIGN_IDENTITY[sdk=iphoneos*]" = "iPhone Developer: Google Development (3F4Y5873JF)";
				COPY_PHASE_STRIP = NO;
				DEBUG_INFORMATION_FORMAT = dwarf;
				ENABLE_STRICT_OBJC_MSGSEND = YES;
				ENABLE_TESTABILITY = YES;
				GCC_C_LANGUAGE_STANDARD = gnu99;
				GCC_DYNAMIC_NO_PIC = NO;
				GCC_NO_COMMON_BLOCKS = YES;
				GCC_OPTIMIZATION_LEVEL = 0;
				GCC_PREPROCESSOR_DEFINITIONS = (
					"DEBUG=1",
					"$(inherited)",
				);
				GCC_WARN_64_TO_32_BIT_CONVERSION = YES;
				GCC_WARN_ABOUT_RETURN_TYPE = YES_ERROR;
				GCC_WARN_UNDECLARED_SELECTOR = YES;
				GCC_WARN_UNINITIALIZED_AUTOS = YES_AGGRESSIVE;
				GCC_WARN_UNUSED_FUNCTION = YES;
				GCC_WARN_UNUSED_VARIABLE = YES;
				IPHONEOS_DEPLOYMENT_TARGET = 9.0;
				MTL_ENABLE_DEBUG_INFO = YES;
				ONLY_ACTIVE_ARCH = YES;
				PROVISIONING_PROFILE_SPECIFIER = "D4BTUY74LQ/D4B Dev Profile";
				SDKROOT = iphoneos;
				SWIFT_OPTIMIZATION_LEVEL = "-Onone";
				TARGETED_DEVICE_FAMILY = "1,2";
			};
			name = Debug;
		};
		3416CA2C1B3E1E9D002DA151 /* Release */ = {
			isa = XCBuildConfiguration;
			buildSettings = {
				ALWAYS_SEARCH_USER_PATHS = NO;
				CLANG_CXX_LANGUAGE_STANDARD = "gnu++0x";
				CLANG_CXX_LIBRARY = "libc++";
				CLANG_ENABLE_MODULES = YES;
				CLANG_ENABLE_OBJC_ARC = YES;
				CLANG_WARN_BOOL_CONVERSION = YES;
				CLANG_WARN_CONSTANT_CONVERSION = YES;
				CLANG_WARN_DIRECT_OBJC_ISA_USAGE = YES_ERROR;
				CLANG_WARN_EMPTY_BODY = YES;
				CLANG_WARN_ENUM_CONVERSION = YES;
				CLANG_WARN_INT_CONVERSION = YES;
				CLANG_WARN_OBJC_ROOT_CLASS = YES_ERROR;
				CLANG_WARN_UNREACHABLE_CODE = YES;
				CLANG_WARN__DUPLICATE_METHOD_MATCH = YES;
				"CODE_SIGN_IDENTITY[sdk=iphoneos*]" = "iPhone Developer";
				COPY_PHASE_STRIP = NO;
				DEBUG_INFORMATION_FORMAT = "dwarf-with-dsym";
				ENABLE_NS_ASSERTIONS = NO;
				ENABLE_STRICT_OBJC_MSGSEND = YES;
				GCC_C_LANGUAGE_STANDARD = gnu99;
				GCC_NO_COMMON_BLOCKS = YES;
				GCC_WARN_64_TO_32_BIT_CONVERSION = YES;
				GCC_WARN_ABOUT_RETURN_TYPE = YES_ERROR;
				GCC_WARN_UNDECLARED_SELECTOR = YES;
				GCC_WARN_UNINITIALIZED_AUTOS = YES_AGGRESSIVE;
				GCC_WARN_UNUSED_FUNCTION = YES;
				GCC_WARN_UNUSED_VARIABLE = YES;
				IPHONEOS_DEPLOYMENT_TARGET = 9.0;
				MTL_ENABLE_DEBUG_INFO = NO;
				PROVISIONING_PROFILE_SPECIFIER = "D4BTUY74LQ/D4B Dev Profile";
				SDKROOT = iphoneos;
				TARGETED_DEVICE_FAMILY = "1,2";
				VALIDATE_PRODUCT = YES;
			};
			name = Release;
		};
		3416CA2E1B3E1E9D002DA151 /* Debug */ = {
			isa = XCBuildConfiguration;
			buildSettings = {
				ASSETCATALOG_COMPILER_APPICON_NAME = AppIcon;
				CODE_SIGN_ENTITLEMENTS = SigninVC/SigninVC.entitlements;
				CODE_SIGN_IDENTITY = "iPhone Developer";
				"CODE_SIGN_IDENTITY[sdk=iphoneos*]" = "iPhone Developer";
				INFOPLIST_FILE = SigninVC/Info.plist;
				IPHONEOS_DEPLOYMENT_TARGET = 10.0;
				LD_RUNPATH_SEARCH_PATHS = "$(inherited) @executable_path/Frameworks";
				PRODUCT_BUNDLE_IDENTIFIER = com.wdenniss.OAuth2Test;
				PRODUCT_NAME = "$(TARGET_NAME)";
				SWIFT_VERSION = 3.0;
			};
			name = Debug;
		};
		3416CA2F1B3E1E9D002DA151 /* Release */ = {
			isa = XCBuildConfiguration;
			buildSettings = {
				ASSETCATALOG_COMPILER_APPICON_NAME = AppIcon;
				CODE_SIGN_ENTITLEMENTS = SigninVC/SigninVC.entitlements;
				CODE_SIGN_IDENTITY = "iPhone Developer";
				"CODE_SIGN_IDENTITY[sdk=iphoneos*]" = "iPhone Developer";
				INFOPLIST_FILE = SigninVC/Info.plist;
				IPHONEOS_DEPLOYMENT_TARGET = 10.0;
				LD_RUNPATH_SEARCH_PATHS = "$(inherited) @executable_path/Frameworks";
				PRODUCT_BUNDLE_IDENTIFIER = com.wdenniss.OAuth2Test;
				PRODUCT_NAME = "$(TARGET_NAME)";
				SWIFT_VERSION = 3.0;
			};
			name = Release;
		};
		345DB2B01B434BB50005900A /* Debug */ = {
			isa = XCBuildConfiguration;
			buildSettings = {
				ASSETCATALOG_COMPILER_APPICON_NAME = AppIcon2;
				CODE_SIGN_ENTITLEMENTS = SigninVC/SigninVC.entitlements;
				CODE_SIGN_IDENTITY = "iPhone Developer";
				"CODE_SIGN_IDENTITY[sdk=iphoneos*]" = "iPhone Developer";
				GCC_PREPROCESSOR_DEFINITIONS = (
					"DEBUG=1",
					"$(inherited)",
					_LINKTEST,
				);
				INFOPLIST_FILE = "SigninVC2-Info.plist";
				LD_RUNPATH_SEARCH_PATHS = "$(inherited) @executable_path/Frameworks";
				OTHER_SWIFT_FLAGS = "-DLINKTEST";
				PRODUCT_BUNDLE_IDENTIFIER = com.wdenniss.LinkTests;
				PRODUCT_NAME = "$(TARGET_NAME)";
				PROVISIONING_PROFILE = "";
			};
			name = Debug;
		};
		345DB2B11B434BB50005900A /* Release */ = {
			isa = XCBuildConfiguration;
			buildSettings = {
				ASSETCATALOG_COMPILER_APPICON_NAME = AppIcon2;
				CODE_SIGN_ENTITLEMENTS = SigninVC/SigninVC.entitlements;
				CODE_SIGN_IDENTITY = "iPhone Developer";
				"CODE_SIGN_IDENTITY[sdk=iphoneos*]" = "iPhone Developer";
				GCC_PREPROCESSOR_DEFINITIONS = (
					_LINKTEST,
					"$(inherited)",
				);
				INFOPLIST_FILE = "SigninVC2-Info.plist";
				LD_RUNPATH_SEARCH_PATHS = "$(inherited) @executable_path/Frameworks";
				OTHER_SWIFT_FLAGS = "-DLINKTEST";
				PRODUCT_BUNDLE_IDENTIFIER = com.wdenniss.LinkTests;
				PRODUCT_NAME = "$(TARGET_NAME)";
				PROVISIONING_PROFILE = "";
			};
			name = Release;
		};
/* End XCBuildConfiguration section */

/* Begin XCConfigurationList section */
		3416CA161B3E1E9C002DA151 /* Build configuration list for PBXProject "SigninVC" */ = {
			isa = XCConfigurationList;
			buildConfigurations = (
				3416CA2B1B3E1E9D002DA151 /* Debug */,
				3416CA2C1B3E1E9D002DA151 /* Release */,
			);
			defaultConfigurationIsVisible = 0;
			defaultConfigurationName = Release;
		};
		3416CA2D1B3E1E9D002DA151 /* Build configuration list for PBXNativeTarget "OAuth2Test" */ = {
			isa = XCConfigurationList;
			buildConfigurations = (
				3416CA2E1B3E1E9D002DA151 /* Debug */,
				3416CA2F1B3E1E9D002DA151 /* Release */,
			);
			defaultConfigurationIsVisible = 0;
			defaultConfigurationName = Release;
		};
		345DB2AF1B434BB50005900A /* Build configuration list for PBXNativeTarget "LinkTest" */ = {
			isa = XCConfigurationList;
			buildConfigurations = (
				345DB2B01B434BB50005900A /* Debug */,
				345DB2B11B434BB50005900A /* Release */,
			);
			defaultConfigurationIsVisible = 0;
			defaultConfigurationName = Release;
		};
/* End XCConfigurationList section */
	};
	rootObject = 3416CA131B3E1E9C002DA151 /* Project object */;
}
